<?xml version="1.0" encoding="utf-8"?>
<Project ToolsVersion="4.0" xmlns="http://schemas.microsoft.com/developer/msbuild/2003">
  <ItemGroup>
    <ClCompile Include="module.cpp" />
    <ClCompile Include="SegmentationResultsPy.cpp" />
  </ItemGroup>
  <ItemGroup>
    <Text Include="Read Me.txt" />
  </ItemGroup>
  <ItemGroup>
    <CopyFileToFolders Include="setup.py" />
  </ItemGroup>
  <ItemGroup>
    <ClInclude Include="SegmentationResultsPy.h" />
  </ItemGroup>
</Project>